
Microsoft Visual Studio Solution File, Format Version 12.00
# Visual Studio Version 16
VisualStudioVersion = 16.0.29728.190
MinimumVisualStudioVersion = 10.0.40219.1
Project("{9A19103F-16F7-4668-BE54-9A1E7A4F7556}") = "Vejledningsbooking", "Vejledningsbooking\Vejledningsbooking.csproj", "{5225CF7C-73B6-4586-A5BF-9092E822B271}"
EndProject
Project("{2150E333-8FDC-42A3-9474-1A3956D46DE8}") = "Feature", "Feature", "{AC82B6B8-09A9-44D7-859B-A1BA0C459246}"
EndProject
Project("{2150E333-8FDC-42A3-9474-1A3956D46DE8}") = "Web", "Web", "{6CB4B84D-94BA-47D4-9E76-005CD041D9C1}"
EndProject
Project("{2150E333-8FDC-42A3-9474-1A3956D46DE8}") = "Calendar", "Calendar", "{9F1D5A25-D58E-489B-BB93-8E98F64B25D3}"
EndProject
Project("{FAE04EC0-301F-11D3-BF4B-00C04F79EFBC}") = "Calendar.IntegrationTest", "Calendar.IntegrationTest\Calendar.IntegrationTest.csproj", "{20133CA7-C731-4C04-BDA7-C52895703A2D}"
EndProject
Project("{FAE04EC0-301F-11D3-BF4B-00C04F79EFBC}") = "Calendar.Ports", "Calendar.Ports\Calendar.Ports.csproj", "{242ECC5F-EA9F-4EBA-A6BF-33F9E3582BE8}"
EndProject
Project("{FAE04EC0-301F-11D3-BF4B-00C04F79EFBC}") = "Calendar.UnitTests", "Calendar.UnitTests\Calendar.UnitTests.csproj", "{1A38526B-01D8-4B2A-8E39-81BC443D00AA}"
EndProject
Project("{FAE04EC0-301F-11D3-BF4B-00C04F79EFBC}") = "Calendar.Application", "Calendar.Application\Calendar.Application.csproj", "{CA73D9BC-67F9-4B78-8319-009796D8876B}"
EndProject
Project("{FAE04EC0-301F-11D3-BF4B-00C04F79EFBC}") = "Calendar.Domain", "Calendar.Domain\Calendar.Domain.csproj", "{FD98892B-055D-472A-8F41-D71B9DEF7A0B}"
EndProject
Project("{FAE04EC0-301F-11D3-BF4B-00C04F79EFBC}") = "Calendar.Infrastructure", "Calendar.Infrastructure\Calendar.Infrastructure.csproj", "{90D99233-A31A-475B-B4AB-3CB8B69FA553}"
EndProject
Global
	GlobalSection(SolutionConfigurationPlatforms) = preSolution
		Debug|Any CPU = Debug|Any CPU
		Release|Any CPU = Release|Any CPU
	EndGlobalSection
	GlobalSection(ProjectConfigurationPlatforms) = postSolution
		{5225CF7C-73B6-4586-A5BF-9092E822B271}.Debug|Any CPU.ActiveCfg = Debug|Any CPU
		{5225CF7C-73B6-4586-A5BF-9092E822B271}.Debug|Any CPU.Build.0 = Debug|Any CPU
		{5225CF7C-73B6-4586-A5BF-9092E822B271}.Release|Any CPU.ActiveCfg = Release|Any CPU
		{5225CF7C-73B6-4586-A5BF-9092E822B271}.Release|Any CPU.Build.0 = Release|Any CPU
		{20133CA7-C731-4C04-BDA7-C52895703A2D}.Debug|Any CPU.ActiveCfg = Debug|Any CPU
		{20133CA7-C731-4C04-BDA7-C52895703A2D}.Debug|Any CPU.Build.0 = Debug|Any CPU
		{20133CA7-C731-4C04-BDA7-C52895703A2D}.Release|Any CPU.ActiveCfg = Release|Any CPU
		{20133CA7-C731-4C04-BDA7-C52895703A2D}.Release|Any CPU.Build.0 = Release|Any CPU
		{242ECC5F-EA9F-4EBA-A6BF-33F9E3582BE8}.Debug|Any CPU.ActiveCfg = Debug|Any CPU
		{242ECC5F-EA9F-4EBA-A6BF-33F9E3582BE8}.Debug|Any CPU.Build.0 = Debug|Any CPU
		{242ECC5F-EA9F-4EBA-A6BF-33F9E3582BE8}.Release|Any CPU.ActiveCfg = Release|Any CPU
		{242ECC5F-EA9F-4EBA-A6BF-33F9E3582BE8}.Release|Any CPU.Build.0 = Release|Any CPU
		{1A38526B-01D8-4B2A-8E39-81BC443D00AA}.Debug|Any CPU.ActiveCfg = Debug|Any CPU
		{1A38526B-01D8-4B2A-8E39-81BC443D00AA}.Debug|Any CPU.Build.0 = Debug|Any CPU
		{1A38526B-01D8-4B2A-8E39-81BC443D00AA}.Release|Any CPU.ActiveCfg = Release|Any CPU
		{1A38526B-01D8-4B2A-8E39-81BC443D00AA}.Release|Any CPU.Build.0 = Release|Any CPU
		{CA73D9BC-67F9-4B78-8319-009796D8876B}.Debug|Any CPU.ActiveCfg = Debug|Any CPU
		{CA73D9BC-67F9-4B78-8319-009796D8876B}.Debug|Any CPU.Build.0 = Debug|Any CPU
		{CA73D9BC-67F9-4B78-8319-009796D8876B}.Release|Any CPU.ActiveCfg = Release|Any CPU
		{CA73D9BC-67F9-4B78-8319-009796D8876B}.Release|Any CPU.Build.0 = Release|Any CPU
		{FD98892B-055D-472A-8F41-D71B9DEF7A0B}.Debug|Any CPU.ActiveCfg = Debug|Any CPU
		{FD98892B-055D-472A-8F41-D71B9DEF7A0B}.Debug|Any CPU.Build.0 = Debug|Any CPU
		{FD98892B-055D-472A-8F41-D71B9DEF7A0B}.Release|Any CPU.ActiveCfg = Release|Any CPU
		{FD98892B-055D-472A-8F41-D71B9DEF7A0B}.Release|Any CPU.Build.0 = Release|Any CPU
		{90D99233-A31A-475B-B4AB-3CB8B69FA553}.Debug|Any CPU.ActiveCfg = Debug|Any CPU
		{90D99233-A31A-475B-B4AB-3CB8B69FA553}.Debug|Any CPU.Build.0 = Debug|Any CPU
		{90D99233-A31A-475B-B4AB-3CB8B69FA553}.Release|Any CPU.ActiveCfg = Release|Any CPU
		{90D99233-A31A-475B-B4AB-3CB8B69FA553}.Release|Any CPU.Build.0 = Release|Any CPU
	EndGlobalSection
	GlobalSection(SolutionProperties) = preSolution
		HideSolutionNode = FALSE
	EndGlobalSection
	GlobalSection(NestedProjects) = preSolution
		{5225CF7C-73B6-4586-A5BF-9092E822B271} = {6CB4B84D-94BA-47D4-9E76-005CD041D9C1}
		{9F1D5A25-D58E-489B-BB93-8E98F64B25D3} = {AC82B6B8-09A9-44D7-859B-A1BA0C459246}
		{20133CA7-C731-4C04-BDA7-C52895703A2D} = {9F1D5A25-D58E-489B-BB93-8E98F64B25D3}
		{242ECC5F-EA9F-4EBA-A6BF-33F9E3582BE8} = {9F1D5A25-D58E-489B-BB93-8E98F64B25D3}
		{1A38526B-01D8-4B2A-8E39-81BC443D00AA} = {9F1D5A25-D58E-489B-BB93-8E98F64B25D3}
		{CA73D9BC-67F9-4B78-8319-009796D8876B} = {9F1D5A25-D58E-489B-BB93-8E98F64B25D3}
		{FD98892B-055D-472A-8F41-D71B9DEF7A0B} = {9F1D5A25-D58E-489B-BB93-8E98F64B25D3}
		{90D99233-A31A-475B-B4AB-3CB8B69FA553} = {9F1D5A25-D58E-489B-BB93-8E98F64B25D3}
	EndGlobalSection
	GlobalSection(ExtensibilityGlobals) = postSolution
		SolutionGuid = {104340C4-AC2E-4D79-962F-50709F3E6398}
	EndGlobalSection
EndGlobal
